// !$*UTF8*$!
{
	archiveVersion = 1;
	classes = {
	};
	objectVersion = 56;
	objects = {

/* Begin PBXBuildFile section */
		CA4441292C41791E00B31661 /* waolava.h in Headers */ = {isa = PBXBuildFile; fileRef = CA4441262C41791E00B31661 /* waolava.h */; };
		CA4441352C41793B00B31661 /* pch.h in Headers */ = {isa = PBXBuildFile; fileRef = CA44412A2C41793B00B31661 /* pch.h */; };
		CA4441362C41793B00B31661 /* waolava.h in Headers */ = {isa = PBXBuildFile; fileRef = CA44412B2C41793B00B31661 /* waolava.h */; };
		CA4441372C41793B00B31661 /* sysexits.h in Headers */ = {isa = PBXBuildFile; fileRef = CA44412C2C41793B00B31661 /* sysexits.h */; };
		CA44413C2C41793B00B31661 /* pch.c in Sources */ = {isa = PBXBuildFile; fileRef = CA4441312C41793B00B31661 /* pch.c */; };
		CA44413F2C41793B00B31661 /* waolava.c in Sources */ = {isa = PBXBuildFile; fileRef = CA4441342C41793B00B31661 /* waolava.c */; };
		CAB66C432CAD9BE1003BC2A5 /* waolava_on_host_modified_cbi.h in Headers */ = {isa = PBXBuildFile; fileRef = CAB66C422CAD9BE1003BC2A5 /* waolava_on_host_modified_cbi.h */; };
		CAB66C462CAD9CAE003BC2A5 /* waolava_on_host_modified_cbi_factory.c in Sources */ = {isa = PBXBuildFile; fileRef = CAB66C452CAD9C2B003BC2A5 /* waolava_on_host_modified_cbi_factory.c */; };
		CAE951212C47C3B800767DCC /* pch_u.h in Headers */ = {isa = PBXBuildFile; fileRef = CAE951202C47C3B800767DCC /* pch_u.h */; };
		CAEC6A4E2C7E0AF200547BC9 /* waolava_merge_host_cbi.h in Headers */ = {isa = PBXBuildFile; fileRef = CAEC6A4B2C7E0AF200547BC9 /* waolava_merge_host_cbi.h */; };
		CAEC6A542C7E0B0D00547BC9 /* waolava_factory.c in Sources */ = {isa = PBXBuildFile; fileRef = CAEC6A502C7E0B0D00547BC9 /* waolava_factory.c */; };
		CAEC6A552C7E0B0D00547BC9 /* waolava_merge_host_cbi_factory.c in Sources */ = {isa = PBXBuildFile; fileRef = CAEC6A512C7E0B0D00547BC9 /* waolava_merge_host_cbi_factory.c */; };
		CAEC6A562C7E0B0D00547BC9 /* fact4s.c in Sources */ = {isa = PBXBuildFile; fileRef = CAEC6A522C7E0B0D00547BC9 /* fact4s.c */; };
		CAEC6A572C7E0B0D00547BC9 /* fact4s.h in Headers */ = {isa = PBXBuildFile; fileRef = CAEC6A532C7E0B0D00547BC9 /* fact4s.h */; };
/* End PBXBuildFile section */

/* Begin PBXFileReference section */
		CA3140872C91C9A600AF535C /* waolava_priv.h */ = {isa = PBXFileReference; lastKnownFileType = sourcecode.c.h; path = waolava_priv.h; sourceTree = "<group>"; };
		CA4440882C41653C00B31661 /* liblibwaolava.a */ = {isa = PBXFileReference; explicitFileType = archive.ar; includeInIndex = 0; path = liblibwaolava.a; sourceTree = BUILT_PRODUCTS_DIR; };
		CA4441262C41791E00B31661 /* waolava.h */ = {isa = PBXFileReference; fileEncoding = 4; lastKnownFileType = sourcecode.c.h; path = waolava.h; sourceTree = "<group>"; };
		CA44412A2C41793B00B31661 /* pch.h */ = {isa = PBXFileReference; fileEncoding = 4; lastKnownFileType = sourcecode.c.h; path = pch.h; sourceTree = "<group>"; };
		CA44412B2C41793B00B31661 /* waolava.h */ = {isa = PBXFileReference; fileEncoding = 4; lastKnownFileType = sourcecode.c.h; path = waolava.h; sourceTree = "<group>"; };
		CA44412C2C41793B00B31661 /* sysexits.h */ = {isa = PBXFileReference; fileEncoding = 4; lastKnownFileType = sourcecode.c.h; path = sysexits.h; sourceTree = "<group>"; };
		CA4441312C41793B00B31661 /* pch.c */ = {isa = PBXFileReference; fileEncoding = 4; lastKnownFileType = sourcecode.c.c; path = pch.c; sourceTree = "<group>"; };
		CA4441342C41793B00B31661 /* waolava.c */ = {isa = PBXFileReference; fileEncoding = 4; lastKnownFileType = sourcecode.c.c; path = waolava.c; sourceTree = "<group>"; };
		CAB66C422CAD9BE1003BC2A5 /* waolava_on_host_modified_cbi.h */ = {isa = PBXFileReference; lastKnownFileType = sourcecode.c.h; path = waolava_on_host_modified_cbi.h; sourceTree = "<group>"; };
		CAB66C452CAD9C2B003BC2A5 /* waolava_on_host_modified_cbi_factory.c */ = {isa = PBXFileReference; lastKnownFileType = sourcecode.c.c; path = waolava_on_host_modified_cbi_factory.c; sourceTree = "<group>"; };
		CAE951202C47C3B800767DCC /* pch_u.h */ = {isa = PBXFileReference; fileEncoding = 4; lastKnownFileType = sourcecode.c.h; path = pch_u.h; sourceTree = "<group>"; };
		CAEC6A4B2C7E0AF200547BC9 /* waolava_merge_host_cbi.h */ = {isa = PBXFileReference; fileEncoding = 4; lastKnownFileType = sourcecode.c.h; path = waolava_merge_host_cbi.h; sourceTree = "<group>"; };
		CAEC6A502C7E0B0D00547BC9 /* waolava_factory.c */ = {isa = PBXFileReference; fileEncoding = 4; lastKnownFileType = sourcecode.c.c; path = waolava_factory.c; sourceTree = "<group>"; };
		CAEC6A512C7E0B0D00547BC9 /* waolava_merge_host_cbi_factory.c */ = {isa = PBXFileReference; fileEncoding = 4; lastKnownFileType = sourcecode.c.c; path = waolava_merge_host_cbi_factory.c; sourceTree = "<group>"; };
		CAEC6A522C7E0B0D00547BC9 /* fact4s.c */ = {isa = PBXFileReference; fileEncoding = 4; lastKnownFileType = sourcecode.c.c; path = fact4s.c; sourceTree = "<group>"; };
		CAEC6A532C7E0B0D00547BC9 /* fact4s.h */ = {isa = PBXFileReference; fileEncoding = 4; lastKnownFileType = sourcecode.c.h; path = fact4s.h; sourceTree = "<group>"; };
/* End PBXFileReference section */

/* Begin PBXFrameworksBuildPhase section */
		CA4440862C41653C00B31661 /* Frameworks */ = {
			isa = PBXFrameworksBuildPhase;
			buildActionMask = 2147483647;
			files = (
			);
			runOnlyForDeploymentPostprocessing = 0;
		};
/* End PBXFrameworksBuildPhase section */

/* Begin PBXGroup section */
		CA44407F2C41653C00B31661 = {
			isa = PBXGroup;
			children = (
				CA44408F2C41654100B31661 /* include */,
				CAEC6A522C7E0B0D00547BC9 /* fact4s.c */,
				CAEC6A532C7E0B0D00547BC9 /* fact4s.h */,
				CAEC6A502C7E0B0D00547BC9 /* waolava_factory.c */,
				CAEC6A512C7E0B0D00547BC9 /* waolava_merge_host_cbi_factory.c */,
				CAB66C452CAD9C2B003BC2A5 /* waolava_on_host_modified_cbi_factory.c */,
				CA4441312C41793B00B31661 /* pch.c */,
				CA44412A2C41793B00B31661 /* pch.h */,
				CAE951202C47C3B800767DCC /* pch_u.h */,
				CA44412C2C41793B00B31661 /* sysexits.h */,
				CA4441342C41793B00B31661 /* waolava.c */,
				CA44412B2C41793B00B31661 /* waolava.h */,
				CA3140872C91C9A600AF535C /* waolava_priv.h */,
				CA4440892C41653C00B31661 /* Products */,
			);
			sourceTree = "<group>";
		};
		CA4440892C41653C00B31661 /* Products */ = {
			isa = PBXGroup;
			children = (
				CA4440882C41653C00B31661 /* liblibwaolava.a */,
			);
			name = Products;
			sourceTree = "<group>";
		};
		CA44408F2C41654100B31661 /* include */ = {
			isa = PBXGroup;
			children = (
				CAB66C422CAD9BE1003BC2A5 /* waolava_on_host_modified_cbi.h */,
				CAEC6A4B2C7E0AF200547BC9 /* waolava_merge_host_cbi.h */,
				CA4441262C41791E00B31661 /* waolava.h */,
			);
			path = include;
			sourceTree = "<group>";
		};
/* End PBXGroup section */

/* Begin PBXHeadersBuildPhase section */
		CA4440842C41653C00B31661 /* Headers */ = {
			isa = PBXHeadersBuildPhase;
			buildActionMask = 2147483647;
			files = (
				CA4441372C41793B00B31661 /* sysexits.h in Headers */,
				CAEC6A572C7E0B0D00547BC9 /* fact4s.h in Headers */,
				CA4441362C41793B00B31661 /* waolava.h in Headers */,
				CAEC6A4E2C7E0AF200547BC9 /* waolava_merge_host_cbi.h in Headers */,
				CAB66C432CAD9BE1003BC2A5 /* waolava_on_host_modified_cbi.h in Headers */,
				CAE951212C47C3B800767DCC /* pch_u.h in Headers */,
				CA4441352C41793B00B31661 /* pch.h in Headers */,
				CA4441292C41791E00B31661 /* waolava.h in Headers */,
			);
			runOnlyForDeploymentPostprocessing = 0;
		};
/* End PBXHeadersBuildPhase section */

/* Begin PBXNativeTarget section */
		CA4440872C41653C00B31661 /* libwaolava */ = {
			isa = PBXNativeTarget;
			buildConfigurationList = CA44408C2C41653C00B31661 /* Build configuration list for PBXNativeTarget "libwaolava" */;
			buildPhases = (
				CA4440842C41653C00B31661 /* Headers */,
				CA4440852C41653C00B31661 /* Sources */,
				CA4440862C41653C00B31661 /* Frameworks */,
			);
			buildRules = (
			);
			dependencies = (
			);
			name = libwaolava;
			productName = waolava;
			productReference = CA4440882C41653C00B31661 /* liblibwaolava.a */;
			productType = "com.apple.product-type.library.static";
		};
/* End PBXNativeTarget section */

/* Begin PBXProject section */
		CA4440802C41653C00B31661 /* Project object */ = {
			isa = PBXProject;
			attributes = {
				BuildIndependentTargetsInParallel = 1;
				LastUpgradeCheck = 1600;
				TargetAttributes = {
					CA4440872C41653C00B31661 = {
						CreatedOnToolsVersion = 15.4;
					};
				};
			};
			buildConfigurationList = CA4440832C41653C00B31661 /* Build configuration list for PBXProject "libwaolava" */;
			compatibilityVersion = "Xcode 14.0";
			developmentRegion = en;
			hasScannedForEncodings = 0;
			knownRegions = (
				en,
				Base,
			);
			mainGroup = CA44407F2C41653C00B31661;
			productRefGroup = CA4440892C41653C00B31661 /* Products */;
			projectDirPath = "";
			projectRoot = "";
			targets = (
				CA4440872C41653C00B31661 /* libwaolava */,
			);
		};
/* End PBXProject section */

/* Begin PBXSourcesBuildPhase section */
		CA4440852C41653C00B31661 /* Sources */ = {
			isa = PBXSourcesBuildPhase;
			buildActionMask = 2147483647;
			files = (
				CAEC6A552C7E0B0D00547BC9 /* waolava_merge_host_cbi_factory.c in Sources */,
				CAB66C462CAD9CAE003BC2A5 /* waolava_on_host_modified_cbi_factory.c in Sources */,
				CA44413F2C41793B00B31661 /* waolava.c in Sources */,
				CAEC6A562C7E0B0D00547BC9 /* fact4s.c in Sources */,
				CAEC6A542C7E0B0D00547BC9 /* waolava_factory.c in Sources */,
				CA44413C2C41793B00B31661 /* pch.c in Sources */,
			);
			runOnlyForDeploymentPostprocessing = 0;
		};
/* End PBXSourcesBuildPhase section */

/* Begin XCBuildConfiguration section */
		CA44408A2C41653C00B31661 /* Debug */ = {
			isa = XCBuildConfiguration;
			buildSettings = {
				ALWAYS_SEARCH_USER_PATHS = NO;
				ASSETCATALOG_COMPILER_GENERATE_SWIFT_ASSET_SYMBOL_EXTENSIONS = YES;
				CLANG_ANALYZER_NONNULL = YES;
				CLANG_ANALYZER_NUMBER_OBJECT_CONVERSION = YES_AGGRESSIVE;
				CLANG_CXX_LANGUAGE_STANDARD = "gnu++20";
				CLANG_ENABLE_MODULES = YES;
				CLANG_ENABLE_OBJC_ARC = YES;
				CLANG_ENABLE_OBJC_WEAK = YES;
				CLANG_WARN_BLOCK_CAPTURE_AUTORELEASING = YES;
				CLANG_WARN_BOOL_CONVERSION = YES;
				CLANG_WARN_COMMA = YES;
				CLANG_WARN_CONSTANT_CONVERSION = YES;
				CLANG_WARN_DEPRECATED_OBJC_IMPLEMENTATIONS = YES;
				CLANG_WARN_DIRECT_OBJC_ISA_USAGE = YES_ERROR;
				CLANG_WARN_DOCUMENTATION_COMMENTS = YES;
				CLANG_WARN_EMPTY_BODY = YES;
				CLANG_WARN_ENUM_CONVERSION = YES;
				CLANG_WARN_INFINITE_RECURSION = YES;
				CLANG_WARN_INT_CONVERSION = YES;
				CLANG_WARN_NON_LITERAL_NULL_CONVERSION = YES;
				CLANG_WARN_OBJC_IMPLICIT_RETAIN_SELF = YES;
				CLANG_WARN_OBJC_LITERAL_CONVERSION = YES;
				CLANG_WARN_OBJC_ROOT_CLASS = YES_ERROR;
				CLANG_WARN_QUOTED_INCLUDE_IN_FRAMEWORK_HEADER = YES;
				CLANG_WARN_RANGE_LOOP_ANALYSIS = YES;
				CLANG_WARN_STRICT_PROTOTYPES = YES;
				CLANG_WARN_SUSPICIOUS_MOVE = YES;
				CLANG_WARN_UNGUARDED_AVAILABILITY = YES_AGGRESSIVE;
				CLANG_WARN_UNREACHABLE_CODE = YES;
				CLANG_WARN__DUPLICATE_METHOD_MATCH = YES;
				COPY_PHASE_STRIP = NO;
				DEAD_CODE_STRIPPING = YES;
				DEBUG_INFORMATION_FORMAT = dwarf;
				ENABLE_STRICT_OBJC_MSGSEND = YES;
				ENABLE_TESTABILITY = YES;
				ENABLE_USER_SCRIPT_SANDBOXING = YES;
				GCC_C_LANGUAGE_STANDARD = gnu17;
				GCC_DYNAMIC_NO_PIC = NO;
				GCC_NO_COMMON_BLOCKS = YES;
				GCC_OPTIMIZATION_LEVEL = 0;
				GCC_PRECOMPILE_PREFIX_HEADER = YES;
				GCC_PREFIX_HEADER = pch.h;
				GCC_PREPROCESSOR_DEFINITIONS = (
					"DEBUG=1",
					"$(inherited)",
				);
				GCC_WARN_64_TO_32_BIT_CONVERSION = YES;
				GCC_WARN_ABOUT_RETURN_TYPE = YES_ERROR;
				GCC_WARN_UNDECLARED_SELECTOR = YES;
				GCC_WARN_UNINITIALIZED_AUTOS = YES_AGGRESSIVE;
				GCC_WARN_UNUSED_FUNCTION = YES;
				GCC_WARN_UNUSED_VARIABLE = YES;
				HEADER_SEARCH_PATHS = "";
				LOCALIZATION_PREFERS_STRING_CATALOGS = YES;
				MACOSX_DEPLOYMENT_TARGET = 11.5;
				MTL_ENABLE_DEBUG_INFO = INCLUDE_SOURCE;
				MTL_FAST_MATH = YES;
				ONLY_ACTIVE_ARCH = YES;
				SDKROOT = macosx;
				SKIP_INSTALL = YES;
			};
			name = Debug;
		};
		CA44408B2C41653C00B31661 /* Release */ = {
			isa = XCBuildConfiguration;
			buildSettings = {
				ALWAYS_SEARCH_USER_PATHS = NO;
				ASSETCATALOG_COMPILER_GENERATE_SWIFT_ASSET_SYMBOL_EXTENSIONS = YES;
				CLANG_ANALYZER_NONNULL = YES;
				CLANG_ANALYZER_NUMBER_OBJECT_CONVERSION = YES_AGGRESSIVE;
				CLANG_CXX_LANGUAGE_STANDARD = "gnu++20";
				CLANG_ENABLE_MODULES = YES;
				CLANG_ENABLE_OBJC_ARC = YES;
				CLANG_ENABLE_OBJC_WEAK = YES;
				CLANG_WARN_BLOCK_CAPTURE_AUTORELEASING = YES;
				CLANG_WARN_BOOL_CONVERSION = YES;
				CLANG_WARN_COMMA = YES;
				CLANG_WARN_CONSTANT_CONVERSION = YES;
				CLANG_WARN_DEPRECATED_OBJC_IMPLEMENTATIONS = YES;
				CLANG_WARN_DIRECT_OBJC_ISA_USAGE = YES_ERROR;
				CLANG_WARN_DOCUMENTATION_COMMENTS = YES;
				CLANG_WARN_EMPTY_BODY = YES;
				CLANG_WARN_ENUM_CONVERSION = YES;
				CLANG_WARN_INFINITE_RECURSION = YES;
				CLANG_WARN_INT_CONVERSION = YES;
				CLANG_WARN_NON_LITERAL_NULL_CONVERSION = YES;
				CLANG_WARN_OBJC_IMPLICIT_RETAIN_SELF = YES;
				CLANG_WARN_OBJC_LITERAL_CONVERSION = YES;
				CLANG_WARN_OBJC_ROOT_CLASS = YES_ERROR;
				CLANG_WARN_QUOTED_INCLUDE_IN_FRAMEWORK_HEADER = YES;
				CLANG_WARN_RANGE_LOOP_ANALYSIS = YES;
				CLANG_WARN_STRICT_PROTOTYPES = YES;
				CLANG_WARN_SUSPICIOUS_MOVE = YES;
				CLANG_WARN_UNGUARDED_AVAILABILITY = YES_AGGRESSIVE;
				CLANG_WARN_UNREACHABLE_CODE = YES;
				CLANG_WARN__DUPLICATE_METHOD_MATCH = YES;
				COPY_PHASE_STRIP = NO;
				DEAD_CODE_STRIPPING = YES;
				DEBUG_INFORMATION_FORMAT = "dwarf-with-dsym";
				ENABLE_NS_ASSERTIONS = NO;
				ENABLE_STRICT_OBJC_MSGSEND = YES;
				ENABLE_USER_SCRIPT_SANDBOXING = YES;
				GCC_C_LANGUAGE_STANDARD = gnu17;
				GCC_NO_COMMON_BLOCKS = YES;
				GCC_PRECOMPILE_PREFIX_HEADER = YES;
				GCC_PREFIX_HEADER = pch.h;
				GCC_WARN_64_TO_32_BIT_CONVERSION = YES;
				GCC_WARN_ABOUT_RETURN_TYPE = YES_ERROR;
				GCC_WARN_UNDECLARED_SELECTOR = YES;
				GCC_WARN_UNINITIALIZED_AUTOS = YES_AGGRESSIVE;
				GCC_WARN_UNUSED_FUNCTION = YES;
				GCC_WARN_UNUSED_VARIABLE = YES;
				HEADER_SEARCH_PATHS = "";
				LOCALIZATION_PREFERS_STRING_CATALOGS = YES;
				MACOSX_DEPLOYMENT_TARGET = 11.5;
				MTL_ENABLE_DEBUG_INFO = NO;
				MTL_FAST_MATH = YES;
				SDKROOT = macosx;
				SKIP_INSTALL = YES;
			};
			name = Release;
		};
		CA44408D2C41653C00B31661 /* Debug */ = {
			isa = XCBuildConfiguration;
			buildSettings = {
				CODE_SIGN_STYLE = Automatic;
				DEAD_CODE_STRIPPING = YES;
				EXECUTABLE_PREFIX = lib;
				HEADER_SEARCH_PATHS = (
					../libwlog/include,
					../libwaolash/include,
					../libwaolath/include,
					../waolash/include,
				);
				MACOSX_DEPLOYMENT_TARGET = 11.5;
				PRODUCT_NAME = "$(TARGET_NAME)";
				SKIP_INSTALL = YES;
			};
			name = Debug;
		};
		CA44408E2C41653C00B31661 /* Release */ = {
			isa = XCBuildConfiguration;
			buildSettings = {
				CODE_SIGN_STYLE = Automatic;
				DEAD_CODE_STRIPPING = YES;
				EXECUTABLE_PREFIX = lib;
				HEADER_SEARCH_PATHS = (
					../libwlog/include,
					../libwaolash/include,
					../libwaolath/include,
					../waolash/include,
				);
				MACOSX_DEPLOYMENT_TARGET = 11.5;
				PRODUCT_NAME = "$(TARGET_NAME)";
				SKIP_INSTALL = YES;
			};
			name = Release;
		};
/* End XCBuildConfiguration section */

/* Begin XCConfigurationList section */
		CA4440832C41653C00B31661 /* Build configuration list for PBXProject "libwaolava" */ = {
			isa = XCConfigurationList;
			buildConfigurations = (
				CA44408A2C41653C00B31661 /* Debug */,
				CA44408B2C41653C00B31661 /* Release */,
			);
			defaultConfigurationIsVisible = 0;
			defaultConfigurationName = Release;
		};
		CA44408C2C41653C00B31661 /* Build configuration list for PBXNativeTarget "libwaolava" */ = {
			isa = XCConfigurationList;
			buildConfigurations = (
				CA44408D2C41653C00B31661 /* Debug */,
				CA44408E2C41653C00B31661 /* Release */,
			);
			defaultConfigurationIsVisible = 0;
			defaultConfigurationName = Release;
		};
/* End XCConfigurationList section */
	};
	rootObject = CA4440802C41653C00B31661 /* Project object */;
}
