// !$*UTF8*$!
{
	archiveVersion = 1;
	classes = {
	};
	objectVersion = 56;
	objects = {

/* Begin PBXBuildFile section */
		CA176A612CE8B5E00039ACEB /* WaolaO.xcdatamodeld in Sources */ = {isa = PBXBuildFile; fileRef = CA176A5F2CE8B5E00039ACEB /* WaolaO.xcdatamodeld */; };
		CA176A632CE8B5FD0039ACEB /* Assets.xcassets in Resources */ = {isa = PBXBuildFile; fileRef = CA176A622CE8B5FD0039ACEB /* Assets.xcassets */; };
		CA176A662CE8B5FD0039ACEB /* MainMenu.xib in Resources */ = {isa = PBXBuildFile; fileRef = CA176A642CE8B5FD0039ACEB /* MainMenu.xib */; };
		CA176A682CE8B5FD0039ACEB /* main.m in Sources */ = {isa = PBXBuildFile; fileRef = CA176A672CE8B5FD0039ACEB /* main.m */; };
		CA176A732CE8B5FE0039ACEB /* WaolaOTests.m in Sources */ = {isa = PBXBuildFile; fileRef = CA176A722CE8B5FE0039ACEB /* WaolaOTests.m */; };
		CA176A7D2CE8B5FE0039ACEB /* WaolaOUITests.m in Sources */ = {isa = PBXBuildFile; fileRef = CA176A7C2CE8B5FE0039ACEB /* WaolaOUITests.m */; };
		CA176A7F2CE8B5FE0039ACEB /* WaolaOUITestsLaunchTests.m in Sources */ = {isa = PBXBuildFile; fileRef = CA176A7E2CE8B5FE0039ACEB /* WaolaOUITestsLaunchTests.m */; };
		CA1C19512CE8C0A700E28666 /* EditHostView.m in Sources */ = {isa = PBXBuildFile; fileRef = CA1C19422CE8C0A300E28666 /* EditHostView.m */; };
		CA1C19522CE8C0A700E28666 /* HostView.mm in Sources */ = {isa = PBXBuildFile; fileRef = CA1C19472CE8C0A400E28666 /* HostView.mm */; };
		CA1C19532CE8C0A700E28666 /* Scanner.mm in Sources */ = {isa = PBXBuildFile; fileRef = CA1C19482CE8C0A400E28666 /* Scanner.mm */; };
		CA1C19542CE8C0A700E28666 /* AppDelegate.mm in Sources */ = {isa = PBXBuildFile; fileRef = CA1C19492CE8C0A500E28666 /* AppDelegate.mm */; };
		CA1C19552CE8C0A700E28666 /* StatusMonitor.mm in Sources */ = {isa = PBXBuildFile; fileRef = CA1C194A2CE8C0A500E28666 /* StatusMonitor.mm */; };
		CA1C19562CE8C0A700E28666 /* WaolaHost+CoreDataClass.m in Sources */ = {isa = PBXBuildFile; fileRef = CA1C194C2CE8C0A500E28666 /* WaolaHost+CoreDataClass.m */; };
		CA1C19572CE8C0A700E28666 /* EditHostView.xib in Resources */ = {isa = PBXBuildFile; fileRef = CA1C194D2CE8C0A600E28666 /* EditHostView.xib */; };
		CA1C19582CE8C0A700E28666 /* AboutView.xib in Resources */ = {isa = PBXBuildFile; fileRef = CA1C194E2CE8C0A600E28666 /* AboutView.xib */; };
		CA1C19592CE8C0A700E28666 /* WaolaHost+CoreDataProperties.m in Sources */ = {isa = PBXBuildFile; fileRef = CA1C19502CE8C0A600E28666 /* WaolaHost+CoreDataProperties.m */; };
		CA1C195D2CE8CB1B00E28666 /* libWaola++.a in Frameworks */ = {isa = PBXBuildFile; fileRef = CA1C195C2CE8CB1B00E28666 /* libWaola++.a */; };
		CA1C195F2CE8CB4F00E28666 /* libwaolasc.dylib in Frameworks */ = {isa = PBXBuildFile; fileRef = CA1C195E2CE8CB4F00E28666 /* libwaolasc.dylib */; };
		CA1C19602CE8CB4F00E28666 /* libwaolasc.dylib in Embed Libraries */ = {isa = PBXBuildFile; fileRef = CA1C195E2CE8CB4F00E28666 /* libwaolasc.dylib */; settings = {ATTRIBUTES = (CodeSignOnCopy, ); }; };
		CA1C19632CE8CB7000E28666 /* libwaolash.dylib in Frameworks */ = {isa = PBXBuildFile; fileRef = CA1C19622CE8CB7000E28666 /* libwaolash.dylib */; };
		CA1C19642CE8CB7000E28666 /* libwaolash.dylib in Embed Libraries */ = {isa = PBXBuildFile; fileRef = CA1C19622CE8CB7000E28666 /* libwaolash.dylib */; settings = {ATTRIBUTES = (CodeSignOnCopy, ); }; };
		CA1C19662CE8CB8D00E28666 /* libwaola.dylib in Frameworks */ = {isa = PBXBuildFile; fileRef = CA1C19652CE8CB8D00E28666 /* libwaola.dylib */; };
		CA1C19672CE8CB8D00E28666 /* libwaola.dylib in Embed Libraries */ = {isa = PBXBuildFile; fileRef = CA1C19652CE8CB8D00E28666 /* libwaola.dylib */; settings = {ATTRIBUTES = (CodeSignOnCopy, ); }; };
/* End PBXBuildFile section */

/* Begin PBXContainerItemProxy section */
		CA176A6F2CE8B5FE0039ACEB /* PBXContainerItemProxy */ = {
			isa = PBXContainerItemProxy;
			containerPortal = CA176A512CE8B5DF0039ACEB /* Project object */;
			proxyType = 1;
			remoteGlobalIDString = CA176A582CE8B5DF0039ACEB;
			remoteInfo = WaolaO;
		};
		CA176A792CE8B5FE0039ACEB /* PBXContainerItemProxy */ = {
			isa = PBXContainerItemProxy;
			containerPortal = CA176A512CE8B5DF0039ACEB /* Project object */;
			proxyType = 1;
			remoteGlobalIDString = CA176A582CE8B5DF0039ACEB;
			remoteInfo = WaolaO;
		};
/* End PBXContainerItemProxy section */

/* Begin PBXCopyFilesBuildPhase section */
		CA1C19612CE8CB5000E28666 /* Embed Libraries */ = {
			isa = PBXCopyFilesBuildPhase;
			buildActionMask = 2147483647;
			dstPath = "";
			dstSubfolderSpec = 10;
			files = (
				CA1C19642CE8CB7000E28666 /* libwaolash.dylib in Embed Libraries */,
				CA1C19602CE8CB4F00E28666 /* libwaolasc.dylib in Embed Libraries */,
				CA1C19672CE8CB8D00E28666 /* libwaola.dylib in Embed Libraries */,
			);
			name = "Embed Libraries";
			runOnlyForDeploymentPostprocessing = 0;
		};
/* End PBXCopyFilesBuildPhase section */

/* Begin PBXFileReference section */
		CA176A592CE8B5DF0039ACEB /* WaolaO.app */ = {isa = PBXFileReference; explicitFileType = wrapper.application; includeInIndex = 0; path = WaolaO.app; sourceTree = BUILT_PRODUCTS_DIR; };
		CA176A5C2CE8B5DF0039ACEB /* AppDelegate.h */ = {isa = PBXFileReference; lastKnownFileType = sourcecode.c.h; path = AppDelegate.h; sourceTree = "<group>"; };
		CA176A602CE8B5E00039ACEB /* WaolaO.xcdatamodel */ = {isa = PBXFileReference; lastKnownFileType = wrapper.xcdatamodel; path = WaolaO.xcdatamodel; sourceTree = "<group>"; };
		CA176A622CE8B5FD0039ACEB /* Assets.xcassets */ = {isa = PBXFileReference; lastKnownFileType = folder.assetcatalog; path = Assets.xcassets; sourceTree = "<group>"; };
		CA176A652CE8B5FD0039ACEB /* Base */ = {isa = PBXFileReference; lastKnownFileType = file.xib; name = Base; path = Base.lproj/MainMenu.xib; sourceTree = "<group>"; };
		CA176A672CE8B5FD0039ACEB /* main.m */ = {isa = PBXFileReference; lastKnownFileType = sourcecode.c.objc; path = main.m; sourceTree = "<group>"; };
		CA176A692CE8B5FE0039ACEB /* WaolaO.entitlements */ = {isa = PBXFileReference; lastKnownFileType = text.plist.entitlements; path = WaolaO.entitlements; sourceTree = "<group>"; };
		CA176A6E2CE8B5FE0039ACEB /* WaolaOTests.xctest */ = {isa = PBXFileReference; explicitFileType = wrapper.cfbundle; includeInIndex = 0; path = WaolaOTests.xctest; sourceTree = BUILT_PRODUCTS_DIR; };
		CA176A722CE8B5FE0039ACEB /* WaolaOTests.m */ = {isa = PBXFileReference; lastKnownFileType = sourcecode.c.objc; path = WaolaOTests.m; sourceTree = "<group>"; };
		CA176A782CE8B5FE0039ACEB /* WaolaOUITests.xctest */ = {isa = PBXFileReference; explicitFileType = wrapper.cfbundle; includeInIndex = 0; path = WaolaOUITests.xctest; sourceTree = BUILT_PRODUCTS_DIR; };
		CA176A7C2CE8B5FE0039ACEB /* WaolaOUITests.m */ = {isa = PBXFileReference; lastKnownFileType = sourcecode.c.objc; path = WaolaOUITests.m; sourceTree = "<group>"; };
		CA176A7E2CE8B5FE0039ACEB /* WaolaOUITestsLaunchTests.m */ = {isa = PBXFileReference; lastKnownFileType = sourcecode.c.objc; path = WaolaOUITestsLaunchTests.m; sourceTree = "<group>"; };
		CA1C19422CE8C0A300E28666 /* EditHostView.m */ = {isa = PBXFileReference; fileEncoding = 4; lastKnownFileType = sourcecode.c.objc; path = EditHostView.m; sourceTree = "<group>"; };
		CA1C19432CE8C0A300E28666 /* HostView.h */ = {isa = PBXFileReference; fileEncoding = 4; lastKnownFileType = sourcecode.c.h; path = HostView.h; sourceTree = "<group>"; };
		CA1C19442CE8C0A300E28666 /* Scanner.h */ = {isa = PBXFileReference; fileEncoding = 4; lastKnownFileType = sourcecode.c.h; path = Scanner.h; sourceTree = "<group>"; };
		CA1C19452CE8C0A300E28666 /* EditHostView.h */ = {isa = PBXFileReference; fileEncoding = 4; lastKnownFileType = sourcecode.c.h; path = EditHostView.h; sourceTree = "<group>"; };
		CA1C19462CE8C0A400E28666 /* StatusMonitor.h */ = {isa = PBXFileReference; fileEncoding = 4; lastKnownFileType = sourcecode.c.h; path = StatusMonitor.h; sourceTree = "<group>"; };
		CA1C19472CE8C0A400E28666 /* HostView.mm */ = {isa = PBXFileReference; fileEncoding = 4; lastKnownFileType = sourcecode.cpp.objcpp; path = HostView.mm; sourceTree = "<group>"; };
		CA1C19482CE8C0A400E28666 /* Scanner.mm */ = {isa = PBXFileReference; fileEncoding = 4; lastKnownFileType = sourcecode.cpp.objcpp; path = Scanner.mm; sourceTree = "<group>"; };
		CA1C19492CE8C0A500E28666 /* AppDelegate.mm */ = {isa = PBXFileReference; fileEncoding = 4; lastKnownFileType = sourcecode.cpp.objcpp; path = AppDelegate.mm; sourceTree = "<group>"; };
		CA1C194A2CE8C0A500E28666 /* StatusMonitor.mm */ = {isa = PBXFileReference; fileEncoding = 4; lastKnownFileType = sourcecode.cpp.objcpp; path = StatusMonitor.mm; sourceTree = "<group>"; };
		CA1C194B2CE8C0A500E28666 /* WaolaHost+CoreDataProperties.h */ = {isa = PBXFileReference; fileEncoding = 4; lastKnownFileType = sourcecode.c.h; path = "WaolaHost+CoreDataProperties.h"; sourceTree = "<group>"; };
		CA1C194C2CE8C0A500E28666 /* WaolaHost+CoreDataClass.m */ = {isa = PBXFileReference; fileEncoding = 4; lastKnownFileType = sourcecode.c.objc; path = "WaolaHost+CoreDataClass.m"; sourceTree = "<group>"; };
		CA1C194D2CE8C0A600E28666 /* EditHostView.xib */ = {isa = PBXFileReference; fileEncoding = 4; lastKnownFileType = file.xib; path = EditHostView.xib; sourceTree = "<group>"; };
		CA1C194E2CE8C0A600E28666 /* AboutView.xib */ = {isa = PBXFileReference; fileEncoding = 4; lastKnownFileType = file.xib; path = AboutView.xib; sourceTree = "<group>"; };
		CA1C194F2CE8C0A600E28666 /* WaolaHost+CoreDataClass.h */ = {isa = PBXFileReference; fileEncoding = 4; lastKnownFileType = sourcecode.c.h; path = "WaolaHost+CoreDataClass.h"; sourceTree = "<group>"; };
		CA1C19502CE8C0A600E28666 /* WaolaHost+CoreDataProperties.m */ = {isa = PBXFileReference; fileEncoding = 4; lastKnownFileType = sourcecode.c.objc; path = "WaolaHost+CoreDataProperties.m"; sourceTree = "<group>"; };
		CA1C195A2CE8C4F600E28666 /* PrefixHeader.pch */ = {isa = PBXFileReference; lastKnownFileType = sourcecode.c.h; path = PrefixHeader.pch; sourceTree = "<group>"; };
		CA1C195C2CE8CB1B00E28666 /* libWaola++.a */ = {isa = PBXFileReference; explicitFileType = archive.ar; path = "libWaola++.a"; sourceTree = BUILT_PRODUCTS_DIR; };
		CA1C195E2CE8CB4F00E28666 /* libwaolasc.dylib */ = {isa = PBXFileReference; explicitFileType = "compiled.mach-o.dylib"; path = libwaolasc.dylib; sourceTree = BUILT_PRODUCTS_DIR; };
		CA1C19622CE8CB7000E28666 /* libwaolash.dylib */ = {isa = PBXFileReference; explicitFileType = "compiled.mach-o.dylib"; path = libwaolash.dylib; sourceTree = BUILT_PRODUCTS_DIR; };
		CA1C19652CE8CB8D00E28666 /* libwaola.dylib */ = {isa = PBXFileReference; explicitFileType = "compiled.mach-o.dylib"; path = libwaola.dylib; sourceTree = BUILT_PRODUCTS_DIR; };
/* End PBXFileReference section */

/* Begin PBXFrameworksBuildPhase section */
		CA176A562CE8B5DF0039ACEB /* Frameworks */ = {
			isa = PBXFrameworksBuildPhase;
			buildActionMask = 2147483647;
			files = (
				CA1C19632CE8CB7000E28666 /* libwaolash.dylib in Frameworks */,
				CA1C195D2CE8CB1B00E28666 /* libWaola++.a in Frameworks */,
				CA1C195F2CE8CB4F00E28666 /* libwaolasc.dylib in Frameworks */,
				CA1C19662CE8CB8D00E28666 /* libwaola.dylib in Frameworks */,
			);
			runOnlyForDeploymentPostprocessing = 0;
		};
		CA176A6B2CE8B5FE0039ACEB /* Frameworks */ = {
			isa = PBXFrameworksBuildPhase;
			buildActionMask = 2147483647;
			files = (
			);
			runOnlyForDeploymentPostprocessing = 0;
		};
		CA176A752CE8B5FE0039ACEB /* Frameworks */ = {
			isa = PBXFrameworksBuildPhase;
			buildActionMask = 2147483647;
			files = (
			);
			runOnlyForDeploymentPostprocessing = 0;
		};
/* End PBXFrameworksBuildPhase section */

/* Begin PBXGroup section */
		CA176A502CE8B5DE0039ACEB = {
			isa = PBXGroup;
			children = (
				CA176A5B2CE8B5DF0039ACEB /* WaolaO */,
				CA176A712CE8B5FE0039ACEB /* WaolaOTests */,
				CA176A7B2CE8B5FE0039ACEB /* WaolaOUITests */,
				CA176A5A2CE8B5DF0039ACEB /* Products */,
				CA1C195B2CE8CB1B00E28666 /* Frameworks */,
			);
			sourceTree = "<group>";
		};
		CA176A5A2CE8B5DF0039ACEB /* Products */ = {
			isa = PBXGroup;
			children = (
				CA176A592CE8B5DF0039ACEB /* WaolaO.app */,
				CA176A6E2CE8B5FE0039ACEB /* WaolaOTests.xctest */,
				CA176A782CE8B5FE0039ACEB /* WaolaOUITests.xctest */,
			);
			name = Products;
			sourceTree = "<group>";
		};
		CA176A5B2CE8B5DF0039ACEB /* WaolaO */ = {
			isa = PBXGroup;
			children = (
				CA1C194E2CE8C0A600E28666 /* AboutView.xib */,
				CA176A5C2CE8B5DF0039ACEB /* AppDelegate.h */,
				CA1C19492CE8C0A500E28666 /* AppDelegate.mm */,
				CA1C19452CE8C0A300E28666 /* EditHostView.h */,
				CA1C19422CE8C0A300E28666 /* EditHostView.m */,
				CA1C194D2CE8C0A600E28666 /* EditHostView.xib */,
				CA1C19432CE8C0A300E28666 /* HostView.h */,
				CA1C19472CE8C0A400E28666 /* HostView.mm */,
				CA1C19442CE8C0A300E28666 /* Scanner.h */,
				CA1C19482CE8C0A400E28666 /* Scanner.mm */,
				CA1C19462CE8C0A400E28666 /* StatusMonitor.h */,
				CA1C194A2CE8C0A500E28666 /* StatusMonitor.mm */,
				CA1C194F2CE8C0A600E28666 /* WaolaHost+CoreDataClass.h */,
				CA1C194C2CE8C0A500E28666 /* WaolaHost+CoreDataClass.m */,
				CA1C194B2CE8C0A500E28666 /* WaolaHost+CoreDataProperties.h */,
				CA1C19502CE8C0A600E28666 /* WaolaHost+CoreDataProperties.m */,
				CA176A622CE8B5FD0039ACEB /* Assets.xcassets */,
				CA176A642CE8B5FD0039ACEB /* MainMenu.xib */,
				CA176A672CE8B5FD0039ACEB /* main.m */,
				CA176A692CE8B5FE0039ACEB /* WaolaO.entitlements */,
				CA176A5F2CE8B5E00039ACEB /* WaolaO.xcdatamodeld */,
				CA1C195A2CE8C4F600E28666 /* PrefixHeader.pch */,
			);
			path = WaolaO;
			sourceTree = "<group>";
		};
		CA176A712CE8B5FE0039ACEB /* WaolaOTests */ = {
			isa = PBXGroup;
			children = (
				CA176A722CE8B5FE0039ACEB /* WaolaOTests.m */,
			);
			path = WaolaOTests;
			sourceTree = "<group>";
		};
		CA176A7B2CE8B5FE0039ACEB /* WaolaOUITests */ = {
			isa = PBXGroup;
			children = (
				CA176A7C2CE8B5FE0039ACEB /* WaolaOUITests.m */,
				CA176A7E2CE8B5FE0039ACEB /* WaolaOUITestsLaunchTests.m */,
			);
			path = WaolaOUITests;
			sourceTree = "<group>";
		};
		CA1C195B2CE8CB1B00E28666 /* Frameworks */ = {
			isa = PBXGroup;
			children = (
				CA1C19652CE8CB8D00E28666 /* libwaola.dylib */,
				CA1C19622CE8CB7000E28666 /* libwaolash.dylib */,
				CA1C195E2CE8CB4F00E28666 /* libwaolasc.dylib */,
				CA1C195C2CE8CB1B00E28666 /* libWaola++.a */,
			);
			name = Frameworks;
			sourceTree = "<group>";
		};
/* End PBXGroup section */

/* Begin PBXNativeTarget section */
		CA176A582CE8B5DF0039ACEB /* WaolaO */ = {
			isa = PBXNativeTarget;
			buildConfigurationList = CA176A822CE8B5FE0039ACEB /* Build configuration list for PBXNativeTarget "WaolaO" */;
			buildPhases = (
				CA176A552CE8B5DF0039ACEB /* Sources */,
				CA176A562CE8B5DF0039ACEB /* Frameworks */,
				CA176A572CE8B5DF0039ACEB /* Resources */,
				CA1C19612CE8CB5000E28666 /* Embed Libraries */,
			);
			buildRules = (
			);
			dependencies = (
			);
			name = WaolaO;
			productName = WaolaO;
			productReference = CA176A592CE8B5DF0039ACEB /* WaolaO.app */;
			productType = "com.apple.product-type.application";
		};
		CA176A6D2CE8B5FE0039ACEB /* WaolaOTests */ = {
			isa = PBXNativeTarget;
			buildConfigurationList = CA176A852CE8B5FE0039ACEB /* Build configuration list for PBXNativeTarget "WaolaOTests" */;
			buildPhases = (
				CA176A6A2CE8B5FE0039ACEB /* Sources */,
				CA176A6B2CE8B5FE0039ACEB /* Frameworks */,
				CA176A6C2CE8B5FE0039ACEB /* Resources */,
			);
			buildRules = (
			);
			dependencies = (
				CA176A702CE8B5FE0039ACEB /* PBXTargetDependency */,
			);
			name = WaolaOTests;
			productName = WaolaOTests;
			productReference = CA176A6E2CE8B5FE0039ACEB /* WaolaOTests.xctest */;
			productType = "com.apple.product-type.bundle.unit-test";
		};
		CA176A772CE8B5FE0039ACEB /* WaolaOUITests */ = {
			isa = PBXNativeTarget;
			buildConfigurationList = CA176A882CE8B5FE0039ACEB /* Build configuration list for PBXNativeTarget "WaolaOUITests" */;
			buildPhases = (
				CA176A742CE8B5FE0039ACEB /* Sources */,
				CA176A752CE8B5FE0039ACEB /* Frameworks */,
				CA176A762CE8B5FE0039ACEB /* Resources */,
			);
			buildRules = (
			);
			dependencies = (
				CA176A7A2CE8B5FE0039ACEB /* PBXTargetDependency */,
			);
			name = WaolaOUITests;
			productName = WaolaOUITests;
			productReference = CA176A782CE8B5FE0039ACEB /* WaolaOUITests.xctest */;
			productType = "com.apple.product-type.bundle.ui-testing";
		};
/* End PBXNativeTarget section */

/* Begin PBXProject section */
		CA176A512CE8B5DF0039ACEB /* Project object */ = {
			isa = PBXProject;
			attributes = {
				BuildIndependentTargetsInParallel = 1;
				LastUpgradeCheck = 1420;
				TargetAttributes = {
					CA176A582CE8B5DF0039ACEB = {
						CreatedOnToolsVersion = 14.2;
					};
					CA176A6D2CE8B5FE0039ACEB = {
						CreatedOnToolsVersion = 14.2;
						TestTargetID = CA176A582CE8B5DF0039ACEB;
					};
					CA176A772CE8B5FE0039ACEB = {
						CreatedOnToolsVersion = 14.2;
						TestTargetID = CA176A582CE8B5DF0039ACEB;
					};
				};
			};
			buildConfigurationList = CA176A542CE8B5DF0039ACEB /* Build configuration list for PBXProject "WaolaO" */;
			compatibilityVersion = "Xcode 14.0";
			developmentRegion = en;
			hasScannedForEncodings = 0;
			knownRegions = (
				en,
				Base,
			);
			mainGroup = CA176A502CE8B5DE0039ACEB;
			productRefGroup = CA176A5A2CE8B5DF0039ACEB /* Products */;
			projectDirPath = "";
			projectRoot = "";
			targets = (
				CA176A582CE8B5DF0039ACEB /* WaolaO */,
				CA176A6D2CE8B5FE0039ACEB /* WaolaOTests */,
				CA176A772CE8B5FE0039ACEB /* WaolaOUITests */,
			);
		};
/* End PBXProject section */

/* Begin PBXResourcesBuildPhase section */
		CA176A572CE8B5DF0039ACEB /* Resources */ = {
			isa = PBXResourcesBuildPhase;
			buildActionMask = 2147483647;
			files = (
				CA1C19582CE8C0A700E28666 /* AboutView.xib in Resources */,
				CA176A632CE8B5FD0039ACEB /* Assets.xcassets in Resources */,
				CA176A662CE8B5FD0039ACEB /* MainMenu.xib in Resources */,
				CA1C19572CE8C0A700E28666 /* EditHostView.xib in Resources */,
			);
			runOnlyForDeploymentPostprocessing = 0;
		};
		CA176A6C2CE8B5FE0039ACEB /* Resources */ = {
			isa = PBXResourcesBuildPhase;
			buildActionMask = 2147483647;
			files = (
			);
			runOnlyForDeploymentPostprocessing = 0;
		};
		CA176A762CE8B5FE0039ACEB /* Resources */ = {
			isa = PBXResourcesBuildPhase;
			buildActionMask = 2147483647;
			files = (
			);
			runOnlyForDeploymentPostprocessing = 0;
		};
/* End PBXResourcesBuildPhase section */

/* Begin PBXSourcesBuildPhase section */
		CA176A552CE8B5DF0039ACEB /* Sources */ = {
			isa = PBXSourcesBuildPhase;
			buildActionMask = 2147483647;
			files = (
				CA1C19592CE8C0A700E28666 /* WaolaHost+CoreDataProperties.m in Sources */,
				CA1C19522CE8C0A700E28666 /* HostView.mm in Sources */,
				CA1C19552CE8C0A700E28666 /* StatusMonitor.mm in Sources */,
				CA1C19562CE8C0A700E28666 /* WaolaHost+CoreDataClass.m in Sources */,
				CA1C19532CE8C0A700E28666 /* Scanner.mm in Sources */,
				CA176A612CE8B5E00039ACEB /* WaolaO.xcdatamodeld in Sources */,
				CA176A682CE8B5FD0039ACEB /* main.m in Sources */,
				CA1C19542CE8C0A700E28666 /* AppDelegate.mm in Sources */,
				CA1C19512CE8C0A700E28666 /* EditHostView.m in Sources */,
			);
			runOnlyForDeploymentPostprocessing = 0;
		};
		CA176A6A2CE8B5FE0039ACEB /* Sources */ = {
			isa = PBXSourcesBuildPhase;
			buildActionMask = 2147483647;
			files = (
				CA176A732CE8B5FE0039ACEB /* WaolaOTests.m in Sources */,
			);
			runOnlyForDeploymentPostprocessing = 0;
		};
		CA176A742CE8B5FE0039ACEB /* Sources */ = {
			isa = PBXSourcesBuildPhase;
			buildActionMask = 2147483647;
			files = (
				CA176A7D2CE8B5FE0039ACEB /* WaolaOUITests.m in Sources */,
				CA176A7F2CE8B5FE0039ACEB /* WaolaOUITestsLaunchTests.m in Sources */,
			);
			runOnlyForDeploymentPostprocessing = 0;
		};
/* End PBXSourcesBuildPhase section */

/* Begin PBXTargetDependency section */
		CA176A702CE8B5FE0039ACEB /* PBXTargetDependency */ = {
			isa = PBXTargetDependency;
			target = CA176A582CE8B5DF0039ACEB /* WaolaO */;
			targetProxy = CA176A6F2CE8B5FE0039ACEB /* PBXContainerItemProxy */;
		};
		CA176A7A2CE8B5FE0039ACEB /* PBXTargetDependency */ = {
			isa = PBXTargetDependency;
			target = CA176A582CE8B5DF0039ACEB /* WaolaO */;
			targetProxy = CA176A792CE8B5FE0039ACEB /* PBXContainerItemProxy */;
		};
/* End PBXTargetDependency section */

/* Begin PBXVariantGroup section */
		CA176A642CE8B5FD0039ACEB /* MainMenu.xib */ = {
			isa = PBXVariantGroup;
			children = (
				CA176A652CE8B5FD0039ACEB /* Base */,
			);
			name = MainMenu.xib;
			sourceTree = "<group>";
		};
/* End PBXVariantGroup section */

/* Begin XCBuildConfiguration section */
		CA176A802CE8B5FE0039ACEB /* Debug */ = {
			isa = XCBuildConfiguration;
			buildSettings = {
				ALWAYS_SEARCH_USER_PATHS = NO;
				CLANG_ANALYZER_NONNULL = YES;
				CLANG_ANALYZER_NUMBER_OBJECT_CONVERSION = YES_AGGRESSIVE;
				CLANG_CXX_LANGUAGE_STANDARD = "gnu++20";
				CLANG_ENABLE_MODULES = YES;
				CLANG_ENABLE_OBJC_ARC = YES;
				CLANG_ENABLE_OBJC_WEAK = YES;
				CLANG_WARN_BLOCK_CAPTURE_AUTORELEASING = YES;
				CLANG_WARN_BOOL_CONVERSION = YES;
				CLANG_WARN_COMMA = YES;
				CLANG_WARN_CONSTANT_CONVERSION = YES;
				CLANG_WARN_DEPRECATED_OBJC_IMPLEMENTATIONS = YES;
				CLANG_WARN_DIRECT_OBJC_ISA_USAGE = YES_ERROR;
				CLANG_WARN_DOCUMENTATION_COMMENTS = YES;
				CLANG_WARN_EMPTY_BODY = YES;
				CLANG_WARN_ENUM_CONVERSION = YES;
				CLANG_WARN_INFINITE_RECURSION = YES;
				CLANG_WARN_INT_CONVERSION = YES;
				CLANG_WARN_NON_LITERAL_NULL_CONVERSION = YES;
				CLANG_WARN_OBJC_IMPLICIT_RETAIN_SELF = YES;
				CLANG_WARN_OBJC_LITERAL_CONVERSION = YES;
				CLANG_WARN_OBJC_ROOT_CLASS = YES_ERROR;
				CLANG_WARN_QUOTED_INCLUDE_IN_FRAMEWORK_HEADER = YES;
				CLANG_WARN_RANGE_LOOP_ANALYSIS = YES;
				CLANG_WARN_STRICT_PROTOTYPES = YES;
				CLANG_WARN_SUSPICIOUS_MOVE = YES;
				CLANG_WARN_UNGUARDED_AVAILABILITY = YES_AGGRESSIVE;
				CLANG_WARN_UNREACHABLE_CODE = YES;
				CLANG_WARN__DUPLICATE_METHOD_MATCH = YES;
				COPY_PHASE_STRIP = NO;
				DEBUG_INFORMATION_FORMAT = dwarf;
				ENABLE_STRICT_OBJC_MSGSEND = YES;
				ENABLE_TESTABILITY = YES;
				GCC_C_LANGUAGE_STANDARD = gnu11;
				GCC_DYNAMIC_NO_PIC = NO;
				GCC_NO_COMMON_BLOCKS = YES;
				GCC_OPTIMIZATION_LEVEL = 0;
				GCC_PRECOMPILE_PREFIX_HEADER = YES;
				GCC_PREFIX_HEADER = WaolaO/PrefixHeader.pch;
				GCC_PREPROCESSOR_DEFINITIONS = (
					"DEBUG=1",
					"$(inherited)",
				);
				GCC_WARN_64_TO_32_BIT_CONVERSION = YES;
				GCC_WARN_ABOUT_RETURN_TYPE = YES_ERROR;
				GCC_WARN_UNDECLARED_SELECTOR = YES;
				GCC_WARN_UNINITIALIZED_AUTOS = YES_AGGRESSIVE;
				GCC_WARN_UNUSED_FUNCTION = YES;
				GCC_WARN_UNUSED_VARIABLE = YES;
				HEADER_SEARCH_PATHS = "../Waola++/include";
				MACOSX_DEPLOYMENT_TARGET = 12.7;
				MTL_ENABLE_DEBUG_INFO = INCLUDE_SOURCE;
				MTL_FAST_MATH = YES;
				ONLY_ACTIVE_ARCH = YES;
				SDKROOT = macosx;
			};
			name = Debug;
		};
		CA176A812CE8B5FE0039ACEB /* Release */ = {
			isa = XCBuildConfiguration;
			buildSettings = {
				ALWAYS_SEARCH_USER_PATHS = NO;
				CLANG_ANALYZER_NONNULL = YES;
				CLANG_ANALYZER_NUMBER_OBJECT_CONVERSION = YES_AGGRESSIVE;
				CLANG_CXX_LANGUAGE_STANDARD = "gnu++20";
				CLANG_ENABLE_MODULES = YES;
				CLANG_ENABLE_OBJC_ARC = YES;
				CLANG_ENABLE_OBJC_WEAK = YES;
				CLANG_WARN_BLOCK_CAPTURE_AUTORELEASING = YES;
				CLANG_WARN_BOOL_CONVERSION = YES;
				CLANG_WARN_COMMA = YES;
				CLANG_WARN_CONSTANT_CONVERSION = YES;
				CLANG_WARN_DEPRECATED_OBJC_IMPLEMENTATIONS = YES;
				CLANG_WARN_DIRECT_OBJC_ISA_USAGE = YES_ERROR;
				CLANG_WARN_DOCUMENTATION_COMMENTS = YES;
				CLANG_WARN_EMPTY_BODY = YES;
				CLANG_WARN_ENUM_CONVERSION = YES;
				CLANG_WARN_INFINITE_RECURSION = YES;
				CLANG_WARN_INT_CONVERSION = YES;
				CLANG_WARN_NON_LITERAL_NULL_CONVERSION = YES;
				CLANG_WARN_OBJC_IMPLICIT_RETAIN_SELF = YES;
				CLANG_WARN_OBJC_LITERAL_CONVERSION = YES;
				CLANG_WARN_OBJC_ROOT_CLASS = YES_ERROR;
				CLANG_WARN_QUOTED_INCLUDE_IN_FRAMEWORK_HEADER = YES;
				CLANG_WARN_RANGE_LOOP_ANALYSIS = YES;
				CLANG_WARN_STRICT_PROTOTYPES = YES;
				CLANG_WARN_SUSPICIOUS_MOVE = YES;
				CLANG_WARN_UNGUARDED_AVAILABILITY = YES_AGGRESSIVE;
				CLANG_WARN_UNREACHABLE_CODE = YES;
				CLANG_WARN__DUPLICATE_METHOD_MATCH = YES;
				COPY_PHASE_STRIP = NO;
				DEBUG_INFORMATION_FORMAT = "dwarf-with-dsym";
				ENABLE_NS_ASSERTIONS = NO;
				ENABLE_STRICT_OBJC_MSGSEND = YES;
				GCC_C_LANGUAGE_STANDARD = gnu11;
				GCC_NO_COMMON_BLOCKS = YES;
				GCC_PRECOMPILE_PREFIX_HEADER = YES;
				GCC_PREFIX_HEADER = WaolaO/PrefixHeader.pch;
				GCC_WARN_64_TO_32_BIT_CONVERSION = YES;
				GCC_WARN_ABOUT_RETURN_TYPE = YES_ERROR;
				GCC_WARN_UNDECLARED_SELECTOR = YES;
				GCC_WARN_UNINITIALIZED_AUTOS = YES_AGGRESSIVE;
				GCC_WARN_UNUSED_FUNCTION = YES;
				GCC_WARN_UNUSED_VARIABLE = YES;
				HEADER_SEARCH_PATHS = "../Waola++/include";
				MACOSX_DEPLOYMENT_TARGET = 12.7;
				MTL_ENABLE_DEBUG_INFO = NO;
				MTL_FAST_MATH = YES;
				SDKROOT = macosx;
			};
			name = Release;
		};
		CA176A832CE8B5FE0039ACEB /* Debug */ = {
			isa = XCBuildConfiguration;
			buildSettings = {
				ASSETCATALOG_COMPILER_APPICON_NAME = AppIcon;
				ASSETCATALOG_COMPILER_GLOBAL_ACCENT_COLOR_NAME = AccentColor;
				CODE_SIGN_ENTITLEMENTS = WaolaO/WaolaO.entitlements;
				CODE_SIGN_STYLE = Automatic;
				COMBINE_HIDPI_IMAGES = YES;
				CURRENT_PROJECT_VERSION = 1;
				GENERATE_INFOPLIST_FILE = YES;
				INFOPLIST_KEY_NSHumanReadableCopyright = "";
				INFOPLIST_KEY_NSMainNibFile = MainMenu;
				INFOPLIST_KEY_NSPrincipalClass = NSApplication;
				LD_RUNPATH_SEARCH_PATHS = (
					"$(inherited)",
					"@executable_path/../Frameworks",
				);
				MARKETING_VERSION = 1.0;
				PRODUCT_BUNDLE_IDENTIFIER = com.asuscomm.smartnclever.WaolaO;
				PRODUCT_NAME = "$(TARGET_NAME)";
				SWIFT_EMIT_LOC_STRINGS = YES;
			};
			name = Debug;
		};
		CA176A842CE8B5FE0039ACEB /* Release */ = {
			isa = XCBuildConfiguration;
			buildSettings = {
				ASSETCATALOG_COMPILER_APPICON_NAME = AppIcon;
				ASSETCATALOG_COMPILER_GLOBAL_ACCENT_COLOR_NAME = AccentColor;
				CODE_SIGN_ENTITLEMENTS = WaolaO/WaolaO.entitlements;
				CODE_SIGN_STYLE = Automatic;
				COMBINE_HIDPI_IMAGES = YES;
				CURRENT_PROJECT_VERSION = 1;
				GENERATE_INFOPLIST_FILE = YES;
				INFOPLIST_KEY_NSHumanReadableCopyright = "";
				INFOPLIST_KEY_NSMainNibFile = MainMenu;
				INFOPLIST_KEY_NSPrincipalClass = NSApplication;
				LD_RUNPATH_SEARCH_PATHS = (
					"$(inherited)",
					"@executable_path/../Frameworks",
				);
				MARKETING_VERSION = 1.0;
				PRODUCT_BUNDLE_IDENTIFIER = com.asuscomm.smartnclever.WaolaO;
				PRODUCT_NAME = "$(TARGET_NAME)";
				SWIFT_EMIT_LOC_STRINGS = YES;
			};
			name = Release;
		};
		CA176A862CE8B5FE0039ACEB /* Debug */ = {
			isa = XCBuildConfiguration;
			buildSettings = {
				BUNDLE_LOADER = "$(TEST_HOST)";
				CODE_SIGN_STYLE = Automatic;
				CURRENT_PROJECT_VERSION = 1;
				GENERATE_INFOPLIST_FILE = YES;
				MACOSX_DEPLOYMENT_TARGET = 12.7;
				MARKETING_VERSION = 1.0;
				PRODUCT_BUNDLE_IDENTIFIER = com.asuscomm.smartnclever.WaolaOTests;
				PRODUCT_NAME = "$(TARGET_NAME)";
				SWIFT_EMIT_LOC_STRINGS = NO;
				TEST_HOST = "$(BUILT_PRODUCTS_DIR)/WaolaO.app/$(BUNDLE_EXECUTABLE_FOLDER_PATH)/WaolaO";
			};
			name = Debug;
		};
		CA176A872CE8B5FE0039ACEB /* Release */ = {
			isa = XCBuildConfiguration;
			buildSettings = {
				BUNDLE_LOADER = "$(TEST_HOST)";
				CODE_SIGN_STYLE = Automatic;
				CURRENT_PROJECT_VERSION = 1;
				GENERATE_INFOPLIST_FILE = YES;
				MACOSX_DEPLOYMENT_TARGET = 12.7;
				MARKETING_VERSION = 1.0;
				PRODUCT_BUNDLE_IDENTIFIER = com.asuscomm.smartnclever.WaolaOTests;
				PRODUCT_NAME = "$(TARGET_NAME)";
				SWIFT_EMIT_LOC_STRINGS = NO;
				TEST_HOST = "$(BUILT_PRODUCTS_DIR)/WaolaO.app/$(BUNDLE_EXECUTABLE_FOLDER_PATH)/WaolaO";
			};
			name = Release;
		};
		CA176A892CE8B5FE0039ACEB /* Debug */ = {
			isa = XCBuildConfiguration;
			buildSettings = {
				CODE_SIGN_STYLE = Automatic;
				CURRENT_PROJECT_VERSION = 1;
				GENERATE_INFOPLIST_FILE = YES;
				MARKETING_VERSION = 1.0;
				PRODUCT_BUNDLE_IDENTIFIER = com.asuscomm.smartnclever.WaolaOUITests;
				PRODUCT_NAME = "$(TARGET_NAME)";
				SWIFT_EMIT_LOC_STRINGS = NO;
				TEST_TARGET_NAME = WaolaO;
			};
			name = Debug;
		};
		CA176A8A2CE8B5FE0039ACEB /* Release */ = {
			isa = XCBuildConfiguration;
			buildSettings = {
				CODE_SIGN_STYLE = Automatic;
				CURRENT_PROJECT_VERSION = 1;
				GENERATE_INFOPLIST_FILE = YES;
				MARKETING_VERSION = 1.0;
				PRODUCT_BUNDLE_IDENTIFIER = com.asuscomm.smartnclever.WaolaOUITests;
				PRODUCT_NAME = "$(TARGET_NAME)";
				SWIFT_EMIT_LOC_STRINGS = NO;
				TEST_TARGET_NAME = WaolaO;
			};
			name = Release;
		};
/* End XCBuildConfiguration section */

/* Begin XCConfigurationList section */
		CA176A542CE8B5DF0039ACEB /* Build configuration list for PBXProject "WaolaO" */ = {
			isa = XCConfigurationList;
			buildConfigurations = (
				CA176A802CE8B5FE0039ACEB /* Debug */,
				CA176A812CE8B5FE0039ACEB /* Release */,
			);
			defaultConfigurationIsVisible = 0;
			defaultConfigurationName = Release;
		};
		CA176A822CE8B5FE0039ACEB /* Build configuration list for PBXNativeTarget "WaolaO" */ = {
			isa = XCConfigurationList;
			buildConfigurations = (
				CA176A832CE8B5FE0039ACEB /* Debug */,
				CA176A842CE8B5FE0039ACEB /* Release */,
			);
			defaultConfigurationIsVisible = 0;
			defaultConfigurationName = Release;
		};
		CA176A852CE8B5FE0039ACEB /* Build configuration list for PBXNativeTarget "WaolaOTests" */ = {
			isa = XCConfigurationList;
			buildConfigurations = (
				CA176A862CE8B5FE0039ACEB /* Debug */,
				CA176A872CE8B5FE0039ACEB /* Release */,
			);
			defaultConfigurationIsVisible = 0;
			defaultConfigurationName = Release;
		};
		CA176A882CE8B5FE0039ACEB /* Build configuration list for PBXNativeTarget "WaolaOUITests" */ = {
			isa = XCConfigurationList;
			buildConfigurations = (
				CA176A892CE8B5FE0039ACEB /* Debug */,
				CA176A8A2CE8B5FE0039ACEB /* Release */,
			);
			defaultConfigurationIsVisible = 0;
			defaultConfigurationName = Release;
		};
/* End XCConfigurationList section */

/* Begin XCVersionGroup section */
		CA176A5F2CE8B5E00039ACEB /* WaolaO.xcdatamodeld */ = {
			isa = XCVersionGroup;
			children = (
				CA176A602CE8B5E00039ACEB /* WaolaO.xcdatamodel */,
			);
			currentVersion = CA176A602CE8B5E00039ACEB /* WaolaO.xcdatamodel */;
			path = WaolaO.xcdatamodeld;
			sourceTree = "<group>";
			versionGroupType = wrapper.xcdatamodel;
		};
/* End XCVersionGroup section */
	};
	rootObject = CA176A512CE8B5DF0039ACEB /* Project object */;
}
