// !$*UTF8*$!
{
	archiveVersion = 1;
	classes = {
	};
	objectVersion = 56;
	objects = {

/* Begin PBXBuildFile section */
		CA1AC6C92CB14FDA007700B5 /* pch.c in Sources */ = {isa = PBXBuildFile; fileRef = CA1AC6C02CB14FDA007700B5 /* pch.c */; };
		CA1AC6CA2CB14FDA007700B5 /* threads.c in Sources */ = {isa = PBXBuildFile; fileRef = CA1AC6C82CB14FDA007700B5 /* threads.c */; };
		CA1AC6CB2CB14FDA007700B5 /* stopwatch.c in Sources */ = {isa = PBXBuildFile; fileRef = CA1AC6C42CB14FDA007700B5 /* stopwatch.c */; };
		CA1AC6CD2CB14FDA007700B5 /* mem.c in Sources */ = {isa = PBXBuildFile; fileRef = CA1AC6BE2CB14FDA007700B5 /* mem.c */; };
		CA1AC6CE2CB14FDA007700B5 /* stopwatch_u.c in Sources */ = {isa = PBXBuildFile; fileRef = CA1AC6C52CB14FDA007700B5 /* stopwatch_u.c */; };
		CA1E77822CB15573009D93ED /* main.c in Sources */ = {isa = PBXBuildFile; fileRef = CA1E77812CB15573009D93ED /* main.c */; };
		CA1E778E2CB156A4009D93ED /* liblibwaolasc.a in Frameworks */ = {isa = PBXBuildFile; fileRef = CA1E778D2CB156A4009D93ED /* liblibwaolasc.a */; };
		CA1E77902CB156AC009D93ED /* liblibwaoladi.a in Frameworks */ = {isa = PBXBuildFile; fileRef = CA1E778F2CB156AC009D93ED /* liblibwaoladi.a */; };
		CA1E77922CB156B4009D93ED /* liblibwaolare.a in Frameworks */ = {isa = PBXBuildFile; fileRef = CA1E77912CB156B4009D93ED /* liblibwaolare.a */; };
		CA1E77942CB156BD009D93ED /* liblibwaolava.a in Frameworks */ = {isa = PBXBuildFile; fileRef = CA1E77932CB156BD009D93ED /* liblibwaolava.a */; };
		CA1E77962CB156CA009D93ED /* liblibwaolath.a in Frameworks */ = {isa = PBXBuildFile; fileRef = CA1E77952CB156CA009D93ED /* liblibwaolath.a */; };
		CA1E77982CB156DE009D93ED /* liblibwlog.a in Frameworks */ = {isa = PBXBuildFile; fileRef = CA1E77972CB156DE009D93ED /* liblibwlog.a */; };
		CA1E77992CB156E7009D93ED /* liblibwaolash.a in Frameworks */ = {isa = PBXBuildFile; fileRef = CA1E778B2CB15696009D93ED /* liblibwaolash.a */; };
		CA1E779B2CB156F4009D93ED /* liblibwaolast.a in Frameworks */ = {isa = PBXBuildFile; fileRef = CA1E779A2CB156F4009D93ED /* liblibwaolast.a */; };
		CADC1DC72CB3EDF300083081 /* liblibwaolane.a in Frameworks */ = {isa = PBXBuildFile; fileRef = CADC1DC62CB3EDF300083081 /* liblibwaolane.a */; };
/* End PBXBuildFile section */

/* Begin PBXCopyFilesBuildPhase section */
		CA351A312CB14B4A006AE1AB /* CopyFiles */ = {
			isa = PBXCopyFilesBuildPhase;
			buildActionMask = 2147483647;
			dstPath = /usr/share/man/man1/;
			dstSubfolderSpec = 0;
			files = (
			);
			runOnlyForDeploymentPostprocessing = 1;
		};
/* End PBXCopyFilesBuildPhase section */

/* Begin PBXFileReference section */
		CA1AC6BD2CB14FDA007700B5 /* mem.h */ = {isa = PBXFileReference; lastKnownFileType = sourcecode.c.h; path = mem.h; sourceTree = "<group>"; };
		CA1AC6BE2CB14FDA007700B5 /* mem.c */ = {isa = PBXFileReference; lastKnownFileType = sourcecode.c.c; path = mem.c; sourceTree = "<group>"; };
		CA1AC6BF2CB14FDA007700B5 /* pch.h */ = {isa = PBXFileReference; lastKnownFileType = sourcecode.c.h; path = pch.h; sourceTree = "<group>"; };
		CA1AC6C02CB14FDA007700B5 /* pch.c */ = {isa = PBXFileReference; lastKnownFileType = sourcecode.c.c; path = pch.c; sourceTree = "<group>"; };
		CA1AC6C12CB14FDA007700B5 /* pch_l.h */ = {isa = PBXFileReference; lastKnownFileType = sourcecode.c.h; path = pch_l.h; sourceTree = "<group>"; };
		CA1AC6C22CB14FDA007700B5 /* pch_u.h */ = {isa = PBXFileReference; lastKnownFileType = sourcecode.c.h; path = pch_u.h; sourceTree = "<group>"; };
		CA1AC6C32CB14FDA007700B5 /* stopwatch.h */ = {isa = PBXFileReference; lastKnownFileType = sourcecode.c.h; path = stopwatch.h; sourceTree = "<group>"; };
		CA1AC6C42CB14FDA007700B5 /* stopwatch.c */ = {isa = PBXFileReference; lastKnownFileType = sourcecode.c.c; path = stopwatch.c; sourceTree = "<group>"; };
		CA1AC6C52CB14FDA007700B5 /* stopwatch_u.c */ = {isa = PBXFileReference; lastKnownFileType = sourcecode.c.c; path = stopwatch_u.c; sourceTree = "<group>"; };
		CA1AC6C72CB14FDA007700B5 /* threads.h */ = {isa = PBXFileReference; lastKnownFileType = sourcecode.c.h; path = threads.h; sourceTree = "<group>"; };
		CA1AC6C82CB14FDA007700B5 /* threads.c */ = {isa = PBXFileReference; lastKnownFileType = sourcecode.c.c; path = threads.c; sourceTree = "<group>"; };
		CA1E77812CB15573009D93ED /* main.c */ = {isa = PBXFileReference; lastKnownFileType = sourcecode.c.c; path = main.c; sourceTree = "<group>"; };
		CA1E778B2CB15696009D93ED /* liblibwaolash.a */ = {isa = PBXFileReference; explicitFileType = archive.ar; path = liblibwaolash.a; sourceTree = BUILT_PRODUCTS_DIR; };
		CA1E778D2CB156A4009D93ED /* liblibwaolasc.a */ = {isa = PBXFileReference; explicitFileType = archive.ar; path = liblibwaolasc.a; sourceTree = BUILT_PRODUCTS_DIR; };
		CA1E778F2CB156AC009D93ED /* liblibwaoladi.a */ = {isa = PBXFileReference; explicitFileType = archive.ar; path = liblibwaoladi.a; sourceTree = BUILT_PRODUCTS_DIR; };
		CA1E77912CB156B4009D93ED /* liblibwaolare.a */ = {isa = PBXFileReference; explicitFileType = archive.ar; path = liblibwaolare.a; sourceTree = BUILT_PRODUCTS_DIR; };
		CA1E77932CB156BD009D93ED /* liblibwaolava.a */ = {isa = PBXFileReference; explicitFileType = archive.ar; path = liblibwaolava.a; sourceTree = BUILT_PRODUCTS_DIR; };
		CA1E77952CB156CA009D93ED /* liblibwaolath.a */ = {isa = PBXFileReference; explicitFileType = archive.ar; path = liblibwaolath.a; sourceTree = BUILT_PRODUCTS_DIR; };
		CA1E77972CB156DE009D93ED /* liblibwlog.a */ = {isa = PBXFileReference; explicitFileType = archive.ar; path = liblibwlog.a; sourceTree = BUILT_PRODUCTS_DIR; };
		CA1E779A2CB156F4009D93ED /* liblibwaolast.a */ = {isa = PBXFileReference; explicitFileType = archive.ar; path = liblibwaolast.a; sourceTree = BUILT_PRODUCTS_DIR; };
		CA351A332CB14B4A006AE1AB /* waoladit */ = {isa = PBXFileReference; explicitFileType = "compiled.mach-o.executable"; includeInIndex = 0; path = waoladit; sourceTree = BUILT_PRODUCTS_DIR; };
		CADC1DC62CB3EDF300083081 /* liblibwaolane.a */ = {isa = PBXFileReference; explicitFileType = archive.ar; path = liblibwaolane.a; sourceTree = BUILT_PRODUCTS_DIR; };
/* End PBXFileReference section */

/* Begin PBXFrameworksBuildPhase section */
		CA351A302CB14B4A006AE1AB /* Frameworks */ = {
			isa = PBXFrameworksBuildPhase;
			buildActionMask = 2147483647;
			files = (
				CA1E77962CB156CA009D93ED /* liblibwaolath.a in Frameworks */,
				CA1E77982CB156DE009D93ED /* liblibwlog.a in Frameworks */,
				CA1E77902CB156AC009D93ED /* liblibwaoladi.a in Frameworks */,
				CA1E77992CB156E7009D93ED /* liblibwaolash.a in Frameworks */,
				CA1E778E2CB156A4009D93ED /* liblibwaolasc.a in Frameworks */,
				CA1E779B2CB156F4009D93ED /* liblibwaolast.a in Frameworks */,
				CADC1DC72CB3EDF300083081 /* liblibwaolane.a in Frameworks */,
				CA1E77942CB156BD009D93ED /* liblibwaolava.a in Frameworks */,
				CA1E77922CB156B4009D93ED /* liblibwaolare.a in Frameworks */,
			);
			runOnlyForDeploymentPostprocessing = 0;
		};
/* End PBXFrameworksBuildPhase section */

/* Begin PBXGroup section */
		CA1E778A2CB15696009D93ED /* Frameworks */ = {
			isa = PBXGroup;
			children = (
				CADC1DC62CB3EDF300083081 /* liblibwaolane.a */,
				CA1E779A2CB156F4009D93ED /* liblibwaolast.a */,
				CA1E77972CB156DE009D93ED /* liblibwlog.a */,
				CA1E77952CB156CA009D93ED /* liblibwaolath.a */,
				CA1E77932CB156BD009D93ED /* liblibwaolava.a */,
				CA1E77912CB156B4009D93ED /* liblibwaolare.a */,
				CA1E778F2CB156AC009D93ED /* liblibwaoladi.a */,
				CA1E778D2CB156A4009D93ED /* liblibwaolasc.a */,
				CA1E778B2CB15696009D93ED /* liblibwaolash.a */,
			);
			name = Frameworks;
			sourceTree = "<group>";
		};
		CA351A2A2CB14B4A006AE1AB = {
			isa = PBXGroup;
			children = (
				CA1E77812CB15573009D93ED /* main.c */,
				CA1AC6BD2CB14FDA007700B5 /* mem.h */,
				CA1AC6BE2CB14FDA007700B5 /* mem.c */,
				CA1AC6BF2CB14FDA007700B5 /* pch.h */,
				CA1AC6C02CB14FDA007700B5 /* pch.c */,
				CA1AC6C12CB14FDA007700B5 /* pch_l.h */,
				CA1AC6C22CB14FDA007700B5 /* pch_u.h */,
				CA1AC6C32CB14FDA007700B5 /* stopwatch.h */,
				CA1AC6C42CB14FDA007700B5 /* stopwatch.c */,
				CA1AC6C52CB14FDA007700B5 /* stopwatch_u.c */,
				CA1AC6C72CB14FDA007700B5 /* threads.h */,
				CA1AC6C82CB14FDA007700B5 /* threads.c */,
				CA1E778A2CB15696009D93ED /* Frameworks */,
				CA351A342CB14B4A006AE1AB /* Products */,
			);
			sourceTree = "<group>";
		};
		CA351A342CB14B4A006AE1AB /* Products */ = {
			isa = PBXGroup;
			children = (
				CA351A332CB14B4A006AE1AB /* waoladit */,
			);
			name = Products;
			sourceTree = "<group>";
		};
/* End PBXGroup section */

/* Begin PBXNativeTarget section */
		CA351A322CB14B4A006AE1AB /* waoladit */ = {
			isa = PBXNativeTarget;
			buildConfigurationList = CA351A3A2CB14B4A006AE1AB /* Build configuration list for PBXNativeTarget "waoladit" */;
			buildPhases = (
				CA351A2F2CB14B4A006AE1AB /* Sources */,
				CA351A302CB14B4A006AE1AB /* Frameworks */,
				CA351A312CB14B4A006AE1AB /* CopyFiles */,
			);
			buildRules = (
			);
			dependencies = (
			);
			name = waoladit;
			productName = waoladit;
			productReference = CA351A332CB14B4A006AE1AB /* waoladit */;
			productType = "com.apple.product-type.tool";
		};
/* End PBXNativeTarget section */

/* Begin PBXProject section */
		CA351A2B2CB14B4A006AE1AB /* Project object */ = {
			isa = PBXProject;
			attributes = {
				BuildIndependentTargetsInParallel = 1;
				LastUpgradeCheck = 1600;
				TargetAttributes = {
					CA351A322CB14B4A006AE1AB = {
						CreatedOnToolsVersion = 15.4;
					};
				};
			};
			buildConfigurationList = CA351A2E2CB14B4A006AE1AB /* Build configuration list for PBXProject "waoladit" */;
			compatibilityVersion = "Xcode 14.0";
			developmentRegion = en;
			hasScannedForEncodings = 0;
			knownRegions = (
				en,
				Base,
			);
			mainGroup = CA351A2A2CB14B4A006AE1AB;
			productRefGroup = CA351A342CB14B4A006AE1AB /* Products */;
			projectDirPath = "";
			projectRoot = "";
			targets = (
				CA351A322CB14B4A006AE1AB /* waoladit */,
			);
		};
/* End PBXProject section */

/* Begin PBXSourcesBuildPhase section */
		CA351A2F2CB14B4A006AE1AB /* Sources */ = {
			isa = PBXSourcesBuildPhase;
			buildActionMask = 2147483647;
			files = (
				CA1AC6C92CB14FDA007700B5 /* pch.c in Sources */,
				CA1AC6CA2CB14FDA007700B5 /* threads.c in Sources */,
				CA1AC6CB2CB14FDA007700B5 /* stopwatch.c in Sources */,
				CA1AC6CD2CB14FDA007700B5 /* mem.c in Sources */,
				CA1AC6CE2CB14FDA007700B5 /* stopwatch_u.c in Sources */,
				CA1E77822CB15573009D93ED /* main.c in Sources */,
			);
			runOnlyForDeploymentPostprocessing = 0;
		};
/* End PBXSourcesBuildPhase section */

/* Begin XCBuildConfiguration section */
		CA351A382CB14B4A006AE1AB /* Debug */ = {
			isa = XCBuildConfiguration;
			buildSettings = {
				ALWAYS_SEARCH_USER_PATHS = NO;
				ASSETCATALOG_COMPILER_GENERATE_SWIFT_ASSET_SYMBOL_EXTENSIONS = YES;
				CLANG_ANALYZER_NONNULL = YES;
				CLANG_ANALYZER_NUMBER_OBJECT_CONVERSION = YES_AGGRESSIVE;
				CLANG_CXX_LANGUAGE_STANDARD = "gnu++20";
				CLANG_ENABLE_MODULES = YES;
				CLANG_ENABLE_OBJC_ARC = YES;
				CLANG_ENABLE_OBJC_WEAK = YES;
				CLANG_WARN_BLOCK_CAPTURE_AUTORELEASING = YES;
				CLANG_WARN_BOOL_CONVERSION = YES;
				CLANG_WARN_COMMA = YES;
				CLANG_WARN_CONSTANT_CONVERSION = YES;
				CLANG_WARN_DEPRECATED_OBJC_IMPLEMENTATIONS = YES;
				CLANG_WARN_DIRECT_OBJC_ISA_USAGE = YES_ERROR;
				CLANG_WARN_DOCUMENTATION_COMMENTS = YES;
				CLANG_WARN_EMPTY_BODY = YES;
				CLANG_WARN_ENUM_CONVERSION = YES;
				CLANG_WARN_INFINITE_RECURSION = YES;
				CLANG_WARN_INT_CONVERSION = YES;
				CLANG_WARN_NON_LITERAL_NULL_CONVERSION = YES;
				CLANG_WARN_OBJC_IMPLICIT_RETAIN_SELF = YES;
				CLANG_WARN_OBJC_LITERAL_CONVERSION = YES;
				CLANG_WARN_OBJC_ROOT_CLASS = YES_ERROR;
				CLANG_WARN_QUOTED_INCLUDE_IN_FRAMEWORK_HEADER = YES;
				CLANG_WARN_RANGE_LOOP_ANALYSIS = YES;
				CLANG_WARN_STRICT_PROTOTYPES = YES;
				CLANG_WARN_SUSPICIOUS_MOVE = YES;
				CLANG_WARN_UNGUARDED_AVAILABILITY = YES_AGGRESSIVE;
				CLANG_WARN_UNREACHABLE_CODE = YES;
				CLANG_WARN__DUPLICATE_METHOD_MATCH = YES;
				COPY_PHASE_STRIP = NO;
				DEAD_CODE_STRIPPING = YES;
				DEBUG_INFORMATION_FORMAT = dwarf;
				ENABLE_STRICT_OBJC_MSGSEND = YES;
				ENABLE_TESTABILITY = YES;
				ENABLE_USER_SCRIPT_SANDBOXING = YES;
				GCC_C_LANGUAGE_STANDARD = gnu17;
				GCC_DYNAMIC_NO_PIC = NO;
				GCC_NO_COMMON_BLOCKS = YES;
				GCC_OPTIMIZATION_LEVEL = 0;
				GCC_PRECOMPILE_PREFIX_HEADER = YES;
				GCC_PREFIX_HEADER = pch.h;
				GCC_PREPROCESSOR_DEFINITIONS = (
					"DEBUG=1",
					"$(inherited)",
				);
				GCC_WARN_64_TO_32_BIT_CONVERSION = YES;
				GCC_WARN_ABOUT_RETURN_TYPE = YES_ERROR;
				GCC_WARN_UNDECLARED_SELECTOR = YES;
				GCC_WARN_UNINITIALIZED_AUTOS = YES_AGGRESSIVE;
				GCC_WARN_UNUSED_FUNCTION = YES;
				GCC_WARN_UNUSED_VARIABLE = YES;
				HEADER_SEARCH_PATHS = "";
				LOCALIZATION_PREFERS_STRING_CATALOGS = YES;
				MACOSX_DEPLOYMENT_TARGET = 11.5;
				MTL_ENABLE_DEBUG_INFO = INCLUDE_SOURCE;
				MTL_FAST_MATH = YES;
				ONLY_ACTIVE_ARCH = YES;
				SDKROOT = macosx;
			};
			name = Debug;
		};
		CA351A392CB14B4A006AE1AB /* Release */ = {
			isa = XCBuildConfiguration;
			buildSettings = {
				ALWAYS_SEARCH_USER_PATHS = NO;
				ASSETCATALOG_COMPILER_GENERATE_SWIFT_ASSET_SYMBOL_EXTENSIONS = YES;
				CLANG_ANALYZER_NONNULL = YES;
				CLANG_ANALYZER_NUMBER_OBJECT_CONVERSION = YES_AGGRESSIVE;
				CLANG_CXX_LANGUAGE_STANDARD = "gnu++20";
				CLANG_ENABLE_MODULES = YES;
				CLANG_ENABLE_OBJC_ARC = YES;
				CLANG_ENABLE_OBJC_WEAK = YES;
				CLANG_WARN_BLOCK_CAPTURE_AUTORELEASING = YES;
				CLANG_WARN_BOOL_CONVERSION = YES;
				CLANG_WARN_COMMA = YES;
				CLANG_WARN_CONSTANT_CONVERSION = YES;
				CLANG_WARN_DEPRECATED_OBJC_IMPLEMENTATIONS = YES;
				CLANG_WARN_DIRECT_OBJC_ISA_USAGE = YES_ERROR;
				CLANG_WARN_DOCUMENTATION_COMMENTS = YES;
				CLANG_WARN_EMPTY_BODY = YES;
				CLANG_WARN_ENUM_CONVERSION = YES;
				CLANG_WARN_INFINITE_RECURSION = YES;
				CLANG_WARN_INT_CONVERSION = YES;
				CLANG_WARN_NON_LITERAL_NULL_CONVERSION = YES;
				CLANG_WARN_OBJC_IMPLICIT_RETAIN_SELF = YES;
				CLANG_WARN_OBJC_LITERAL_CONVERSION = YES;
				CLANG_WARN_OBJC_ROOT_CLASS = YES_ERROR;
				CLANG_WARN_QUOTED_INCLUDE_IN_FRAMEWORK_HEADER = YES;
				CLANG_WARN_RANGE_LOOP_ANALYSIS = YES;
				CLANG_WARN_STRICT_PROTOTYPES = YES;
				CLANG_WARN_SUSPICIOUS_MOVE = YES;
				CLANG_WARN_UNGUARDED_AVAILABILITY = YES_AGGRESSIVE;
				CLANG_WARN_UNREACHABLE_CODE = YES;
				CLANG_WARN__DUPLICATE_METHOD_MATCH = YES;
				COPY_PHASE_STRIP = NO;
				DEAD_CODE_STRIPPING = YES;
				DEBUG_INFORMATION_FORMAT = "dwarf-with-dsym";
				ENABLE_NS_ASSERTIONS = NO;
				ENABLE_STRICT_OBJC_MSGSEND = YES;
				ENABLE_USER_SCRIPT_SANDBOXING = YES;
				GCC_C_LANGUAGE_STANDARD = gnu17;
				GCC_NO_COMMON_BLOCKS = YES;
				GCC_PRECOMPILE_PREFIX_HEADER = YES;
				GCC_PREFIX_HEADER = pch.h;
				GCC_WARN_64_TO_32_BIT_CONVERSION = YES;
				GCC_WARN_ABOUT_RETURN_TYPE = YES_ERROR;
				GCC_WARN_UNDECLARED_SELECTOR = YES;
				GCC_WARN_UNINITIALIZED_AUTOS = YES_AGGRESSIVE;
				GCC_WARN_UNUSED_FUNCTION = YES;
				GCC_WARN_UNUSED_VARIABLE = YES;
				HEADER_SEARCH_PATHS = "";
				LOCALIZATION_PREFERS_STRING_CATALOGS = YES;
				MACOSX_DEPLOYMENT_TARGET = 11.5;
				MTL_ENABLE_DEBUG_INFO = NO;
				MTL_FAST_MATH = YES;
				SDKROOT = macosx;
			};
			name = Release;
		};
		CA351A3B2CB14B4A006AE1AB /* Debug */ = {
			isa = XCBuildConfiguration;
			buildSettings = {
				CODE_SIGN_STYLE = Automatic;
				DEAD_CODE_STRIPPING = YES;
				HEADER_SEARCH_PATHS = (
					../libwlog/include,
					../libwaolash/include,
					../waolash/include,
					../libwaolath/include,
					../libwaolast/include,
					../libwaolava/include,
					../libwaoladi/include,
					../libwaolare/include,
					../waolasc/include,
					../libwaolasc/include,
					../libwaolane/include,
				);
				PRODUCT_NAME = "$(TARGET_NAME)";
			};
			name = Debug;
		};
		CA351A3C2CB14B4A006AE1AB /* Release */ = {
			isa = XCBuildConfiguration;
			buildSettings = {
				CODE_SIGN_STYLE = Automatic;
				DEAD_CODE_STRIPPING = YES;
				HEADER_SEARCH_PATHS = (
					../libwlog/include,
					../libwaolash/include,
					../waolash/include,
					../libwaolath/include,
					../libwaolast/include,
					../libwaolava/include,
					../libwaoladi/include,
					../libwaolare/include,
					../waolasc/include,
					../libwaolasc/include,
					../libwaolane/include,
				);
				PRODUCT_NAME = "$(TARGET_NAME)";
			};
			name = Release;
		};
/* End XCBuildConfiguration section */

/* Begin XCConfigurationList section */
		CA351A2E2CB14B4A006AE1AB /* Build configuration list for PBXProject "waoladit" */ = {
			isa = XCConfigurationList;
			buildConfigurations = (
				CA351A382CB14B4A006AE1AB /* Debug */,
				CA351A392CB14B4A006AE1AB /* Release */,
			);
			defaultConfigurationIsVisible = 0;
			defaultConfigurationName = Release;
		};
		CA351A3A2CB14B4A006AE1AB /* Build configuration list for PBXNativeTarget "waoladit" */ = {
			isa = XCConfigurationList;
			buildConfigurations = (
				CA351A3B2CB14B4A006AE1AB /* Debug */,
				CA351A3C2CB14B4A006AE1AB /* Release */,
			);
			defaultConfigurationIsVisible = 0;
			defaultConfigurationName = Release;
		};
/* End XCConfigurationList section */
	};
	rootObject = CA351A2B2CB14B4A006AE1AB /* Project object */;
}
